
Microsoft Visual Studio Solution File, Format Version 12.00
# Visual Studio Version 16
VisualStudioVersion = 16.0.29609.76
MinimumVisualStudioVersion = 10.0.40219.1
Project("{FAE04EC0-301F-11D3-BF4B-00C04F79EFBC}") = "RealCity", "RealCity.csproj", "{40017200-7278-44D7-A12C-8DDC6BD98440}"
EndProject
Global
	GlobalSection(SolutionConfigurationPlatforms) = preSolution
		Debug|Any CPU = Debug|Any CPU
		FASTRUNTIME|Any CPU = FASTRUNTIME|Any CPU
		Release|Any CPU = Release|Any CPU
	EndGlobalSection
	GlobalSection(ProjectConfigurationPlatforms) = postSolution
		{40017200-7278-44D7-A12C-8DDC6BD98440}.Debug|Any CPU.ActiveCfg = Debug|Any CPU
		{40017200-7278-44D7-A12C-8DDC6BD98440}.Debug|Any CPU.Build.0 = Debug|Any CPU
		{40017200-7278-44D7-A12C-8DDC6BD98440}.FASTRUNTIME|Any CPU.ActiveCfg = FASTRUNTIME|Any CPU
		{40017200-7278-44D7-A12C-8DDC6BD98440}.FASTRUNTIME|Any CPU.Build.0 = FASTRUNTIME|Any CPU
		{40017200-7278-44D7-A12C-8DDC6BD98440}.Release|Any CPU.ActiveCfg = Release|Any CPU
		{40017200-7278-44D7-A12C-8DDC6BD98440}.Release|Any CPU.Build.0 = Release|Any CPU
	EndGlobalSection
	GlobalSection(SolutionProperties) = preSolution
		HideSolutionNode = FALSE
	EndGlobalSection
	GlobalSection(ExtensibilityGlobals) = postSolution
		SolutionGuid = {84893815-40F6-4615-BCF2-0E71069D365A}
	EndGlobalSection
EndGlobal
